
Microsoft Visual Studio Solution File, Format Version 12.00
# Visual Studio Version 16
VisualStudioVersion = 16.0.29215.179
MinimumVisualStudioVersion = 10.0.40219.1
Project("{FAE04EC0-301F-11D3-BF4B-00C04F79EFBC}") = "RayTracer", "RayTracer.csproj", "{335BFA64-84EB-424E-8084-2A9853A77DC3}"
EndProject
Global
	GlobalSection(SolutionConfigurationPlatforms) = preSolution
		Debug|Any CPU = Debug|Any CPU
		Release|Any CPU = Release|Any CPU
	EndGlobalSection
	GlobalSection(ProjectConfigurationPlatforms) = postSolution
		{335BFA64-84EB-424E-8084-2A9853A77DC3}.Debug|Any CPU.ActiveCfg = Debug|Any CPU
		{335BFA64-84EB-424E-8084-2A9853A77DC3}.Debug|Any CPU.Build.0 = Debug|Any CPU
		{335BFA64-84EB-424E-8084-2A9853A77DC3}.Release|Any CPU.ActiveCfg = Release|Any CPU
		{335BFA64-84EB-424E-8084-2A9853A77DC3}.Release|Any CPU.Build.0 = Release|Any CPU
	EndGlobalSection
	GlobalSection(SolutionProperties) = preSolution
		HideSolutionNode = FALSE
	EndGlobalSection
	GlobalSection(ExtensibilityGlobals) = postSolution
		SolutionGuid = {A846F921-79AE-4227-861A-69EBE241333F}
	EndGlobalSection
EndGlobal
